
Microsoft Visual Studio Solution File, Format Version 12.00
# Visual Studio Version 17
VisualStudioVersion = 17.11.35303.130
MinimumVisualStudioVersion = 10.0.40219.1
Project("{FAE04EC0-301F-11D3-BF4B-00C04F79EFBC}") = "CSIT321", "CSIT321\CSIT321.csproj", "{81D44467-48AE-44BB-9008-F39CAB898233}"
EndProject
Global
	GlobalSection(SolutionConfigurationPlatforms) = preSolution
		Debug|Any CPU = Debug|Any CPU
		Release|Any CPU = Release|Any CPU
	EndGlobalSection
	GlobalSection(ProjectConfigurationPlatforms) = postSolution
		{81D44467-48AE-44BB-9008-F39CAB898233}.Debug|Any CPU.ActiveCfg = Debug|Any CPU
		{81D44467-48AE-44BB-9008-F39CAB898233}.Debug|Any CPU.Build.0 = Debug|Any CPU
		{81D44467-48AE-44BB-9008-F39CAB898233}.Release|Any CPU.ActiveCfg = Release|Any CPU
		{81D44467-48AE-44BB-9008-F39CAB898233}.Release|Any CPU.Build.0 = Release|Any CPU
	EndGlobalSection
	GlobalSection(SolutionProperties) = preSolution
		HideSolutionNode = FALSE
	EndGlobalSection
	GlobalSection(ExtensibilityGlobals) = postSolution
		SolutionGuid = {AA01D77A-11C0-4833-8C47-0A59A1AEE310}
	EndGlobalSection
EndGlobal
